
Microsoft Visual Studio Solution File, Format Version 12.00
# Visual Studio Version 17
VisualStudioVersion = 17.0.31903.59
MinimumVisualStudioVersion = 10.0.40219.1
Project("{FAE04EC0-301F-11D3-BF4B-00C04F79EFBC}") = "CourseShop", "CourseShop\CourseShop.csproj", "{A330883A-83F7-4A74-A7C8-D3940BC28D42}"
EndProject
Project("{FAE04EC0-301F-11D3-BF4B-00C04F79EFBC}") = "DataAccessLayer", "DataAccessLayer\DataAccessLayer.csproj", "{55B9B91C-ED78-4FA5-9E0A-A2C4CC0351BA}"
EndProject
Global
	GlobalSection(SolutionConfigurationPlatforms) = preSolution
		Debug|Any CPU = Debug|Any CPU
		Release|Any CPU = Release|Any CPU
	EndGlobalSection
	GlobalSection(ProjectConfigurationPlatforms) = postSolution
		{A330883A-83F7-4A74-A7C8-D3940BC28D42}.Debug|Any CPU.ActiveCfg = Debug|Any CPU
		{A330883A-83F7-4A74-A7C8-D3940BC28D42}.Debug|Any CPU.Build.0 = Debug|Any CPU
		{A330883A-83F7-4A74-A7C8-D3940BC28D42}.Release|Any CPU.ActiveCfg = Release|Any CPU
		{A330883A-83F7-4A74-A7C8-D3940BC28D42}.Release|Any CPU.Build.0 = Release|Any CPU
		{55B9B91C-ED78-4FA5-9E0A-A2C4CC0351BA}.Debug|Any CPU.ActiveCfg = Debug|Any CPU
		{55B9B91C-ED78-4FA5-9E0A-A2C4CC0351BA}.Debug|Any CPU.Build.0 = Debug|Any CPU
		{55B9B91C-ED78-4FA5-9E0A-A2C4CC0351BA}.Release|Any CPU.ActiveCfg = Release|Any CPU
		{55B9B91C-ED78-4FA5-9E0A-A2C4CC0351BA}.Release|Any CPU.Build.0 = Release|Any CPU
	EndGlobalSection
	GlobalSection(SolutionProperties) = preSolution
		HideSolutionNode = FALSE
	EndGlobalSection
	GlobalSection(ExtensibilityGlobals) = postSolution
		SolutionGuid = {E95EEEA0-C97A-4C3B-8E3F-0A9FEE3546E6}
	EndGlobalSection
EndGlobal
